<?xml version="1.0" encoding="utf-8"?>
<Project ToolsVersion="4.0" xmlns="http://schemas.microsoft.com/developer/msbuild/2003">
  <ItemGroup>
    <ClCompile Include="main.cpp" />
    <ClCompile Include="$(MSBuildThisFileDirectory)src\gtest\gtest-all.cc" />
    <ClCompile Include="$(MSBuildThisFileDirectory)src\gmock\gmock-all.cc" />
    <ClCompile Include="BishopTest.cpp">
      <Filter>PiecesTests</Filter>
    </ClCompile>
    <ClCompile Include="KnightTest.cpp">
      <Filter>PiecesTests</Filter>
    </ClCompile>
    <ClCompile Include="testRook.cpp">
      <Filter>PiecesTests</Filter>
    </ClCompile>
    <ClCompile Include="PawnTest.cpp">
      <Filter>PiecesTests</Filter>
    </ClCompile>
    <ClCompile Include="QueenTest.cpp">
      <Filter>PiecesTests</Filter>
    </ClCompile>
    <ClCompile Include="KingTest.cpp">
      <Filter>PiecesTests</Filter>
    </ClCompile>
    <ClCompile Include="IsCheckmate.cpp">
      <Filter>Board Tests</Filter>
    </ClCompile>
    <ClCompile Include="IsKingInCheckTest.cpp">
      <Filter>Board Tests</Filter>
    </ClCompile>
    <ClCompile Include="PossibleMovesTests.cpp">
      <Filter>PiecesTests</Filter>
    </ClCompile>
    <ClCompile Include="IsStaleMoveTests.cpp">
      <Filter>Board Tests</Filter>
    </ClCompile>
    <ClCompile Include="IsInsufficientMaterialTests.cpp">
      <Filter>Board Tests</Filter>
    </ClCompile>
    <ClCompile Include="IsThreefoldRepetitionTest.cpp">
      <Filter>Board Tests</Filter>
    </ClCompile>
    <ClCompile Include="MockListener.cpp" />
    <ClCompile Include="FENTests.cpp">
      <Filter>Board Tests</Filter>
    </ClCompile>
  </ItemGroup>
  <ItemGroup>
    <None Include="packages.config" />
  </ItemGroup>
  <ItemGroup>
    <Filter Include="PiecesTests">
      <UniqueIdentifier>{172eb1d3-a1f9-451e-8a09-8dbc5c75a8cc}</UniqueIdentifier>
    </Filter>
    <Filter Include="Board Tests">
      <UniqueIdentifier>{3d36d3d9-909f-499f-8296-e7e21717aead}</UniqueIdentifier>
    </Filter>
  </ItemGroup>
</Project>